
Microsoft Visual Studio Solution File, Format Version 12.00
# Visual Studio Version 17
VisualStudioVersion = 17.10.35122.118
MinimumVisualStudioVersion = 10.0.40219.1
Project("{FAE04EC0-301F-11D3-BF4B-00C04F79EFBC}") = "EcommerceUsingDotNetCore", "EcommerceUsingDotNetCore\EcommerceUsingDotNetCore.csproj", "{11A7038E-FE50-45D4-907E-94C18BB4F2FF}"
EndProject
Global
	GlobalSection(SolutionConfigurationPlatforms) = preSolution
		Debug|Any CPU = Debug|Any CPU
		Release|Any CPU = Release|Any CPU
	EndGlobalSection
	GlobalSection(ProjectConfigurationPlatforms) = postSolution
		{11A7038E-FE50-45D4-907E-94C18BB4F2FF}.Debug|Any CPU.ActiveCfg = Debug|Any CPU
		{11A7038E-FE50-45D4-907E-94C18BB4F2FF}.Debug|Any CPU.Build.0 = Debug|Any CPU
		{11A7038E-FE50-45D4-907E-94C18BB4F2FF}.Release|Any CPU.ActiveCfg = Release|Any CPU
		{11A7038E-FE50-45D4-907E-94C18BB4F2FF}.Release|Any CPU.Build.0 = Release|Any CPU
	EndGlobalSection
	GlobalSection(SolutionProperties) = preSolution
		HideSolutionNode = FALSE
	EndGlobalSection
	GlobalSection(ExtensibilityGlobals) = postSolution
		SolutionGuid = {DC1DAEFC-D116-41F3-9B66-E66A4CF64C82}
	EndGlobalSection
EndGlobal
